
Microsoft Visual Studio Solution File, Format Version 12.00
# Visual Studio 14
VisualStudioVersion = 14.0.23107.0
MinimumVisualStudioVersion = 10.0.40219.1
Project("{FAE04EC0-301F-11D3-BF4B-00C04F79EFBC}") = "FinalCrypt", "FinalCrypt\FinalCrypt.csproj", "{B515CDDB-90D5-442E-892A-23A11F3BC241}"
EndProject
Global
	GlobalSection(SolutionConfigurationPlatforms) = preSolution
		Debug|Any CPU = Debug|Any CPU
		Release|Any CPU = Release|Any CPU
	EndGlobalSection
	GlobalSection(ProjectConfigurationPlatforms) = postSolution
		{B515CDDB-90D5-442E-892A-23A11F3BC241}.Debug|Any CPU.ActiveCfg = Debug|Any CPU
		{B515CDDB-90D5-442E-892A-23A11F3BC241}.Debug|Any CPU.Build.0 = Debug|Any CPU
		{B515CDDB-90D5-442E-892A-23A11F3BC241}.Release|Any CPU.ActiveCfg = Release|Any CPU
		{B515CDDB-90D5-442E-892A-23A11F3BC241}.Release|Any CPU.Build.0 = Release|Any CPU
	EndGlobalSection
	GlobalSection(SolutionProperties) = preSolution
		HideSolutionNode = FALSE
	EndGlobalSection
EndGlobal
